
Microsoft Visual Studio Solution File, Format Version 12.00
# Visual Studio Version 16
VisualStudioVersion = 16.0.30907.101
MinimumVisualStudioVersion = 10.0.40219.1
Project("{FAE04EC0-301F-11D3-BF4B-00C04F79EFBC}") = "GenerationTicketsWPF", "GenerationTicketsWPF.csproj", "{37BE6D7B-1B5B-4690-B90F-9B89C201D899}"
EndProject
Global
	GlobalSection(SolutionConfigurationPlatforms) = preSolution
		Debug|Any CPU = Debug|Any CPU
		Release|Any CPU = Release|Any CPU
	EndGlobalSection
	GlobalSection(ProjectConfigurationPlatforms) = postSolution
		{37BE6D7B-1B5B-4690-B90F-9B89C201D899}.Debug|Any CPU.ActiveCfg = Debug|Any CPU
		{37BE6D7B-1B5B-4690-B90F-9B89C201D899}.Debug|Any CPU.Build.0 = Debug|Any CPU
		{37BE6D7B-1B5B-4690-B90F-9B89C201D899}.Release|Any CPU.ActiveCfg = Release|Any CPU
		{37BE6D7B-1B5B-4690-B90F-9B89C201D899}.Release|Any CPU.Build.0 = Release|Any CPU
	EndGlobalSection
	GlobalSection(SolutionProperties) = preSolution
		HideSolutionNode = FALSE
	EndGlobalSection
	GlobalSection(ExtensibilityGlobals) = postSolution
		SolutionGuid = {45AFA1D2-79EB-46A3-8C6E-D83F2202CA22}
	EndGlobalSection
EndGlobal
